
Microsoft Visual Studio Solution File, Format Version 12.00
# Visual Studio Version 16
VisualStudioVersion = 16.0.32106.194
MinimumVisualStudioVersion = 10.0.40219.1
Project("{FAE04EC0-301F-11D3-BF4B-00C04F79EFBC}") = "CollatzConjecture", "CollatzConjecture.csproj", "{6EF6BC97-C859-426F-8C06-26FA314C5C18}"
EndProject
Global
	GlobalSection(SolutionConfigurationPlatforms) = preSolution
		Debug|Any CPU = Debug|Any CPU
		Release|Any CPU = Release|Any CPU
	EndGlobalSection
	GlobalSection(ProjectConfigurationPlatforms) = postSolution
		{6EF6BC97-C859-426F-8C06-26FA314C5C18}.Debug|Any CPU.ActiveCfg = Debug|Any CPU
		{6EF6BC97-C859-426F-8C06-26FA314C5C18}.Debug|Any CPU.Build.0 = Debug|Any CPU
		{6EF6BC97-C859-426F-8C06-26FA314C5C18}.Release|Any CPU.ActiveCfg = Release|Any CPU
		{6EF6BC97-C859-426F-8C06-26FA314C5C18}.Release|Any CPU.Build.0 = Release|Any CPU
	EndGlobalSection
	GlobalSection(SolutionProperties) = preSolution
		HideSolutionNode = FALSE
	EndGlobalSection
	GlobalSection(ExtensibilityGlobals) = postSolution
		SolutionGuid = {B4C67304-673D-42DC-8177-4E3C19BA9E87}
	EndGlobalSection
EndGlobal
